// !$*UTF8*$!
{
	archiveVersion = 1;
	classes = {
	};
	objectVersion = 46;
	objects = {

/* Begin PBXBuildFile section */
		271FA4851AFEA0F30064299F /* BlankThumbnail.png in Resources */ = {isa = PBXBuildFile; fileRef = 271FA4841AFEA0F30064299F /* BlankThumbnail.png */; };
		27232DDE1AE030120093D998 /* RecentlyReadViewController.swift in Sources */ = {isa = PBXBuildFile; fileRef = 27232DDD1AE030120093D998 /* RecentlyReadViewController.swift */; };
		27232DE11AE086CE0093D998 /* ArticleViewController.swift in Sources */ = {isa = PBXBuildFile; fileRef = 27232DE01AE086CE0093D998 /* ArticleViewController.swift */; };
		27232DE61AE088DF0093D998 /* RemindersViewController.swift in Sources */ = {isa = PBXBuildFile; fileRef = 27232DE51AE088DF0093D998 /* RemindersViewController.swift */; };
		27756E2D1AF2A4B30045B004 /* ArticleTableViewCell.swift in Sources */ = {isa = PBXBuildFile; fileRef = 27756E2C1AF2A4B30045B004 /* ArticleTableViewCell.swift */; };
		531841E11ADD930200461191 /* NewsLaterFeedController.swift in Sources */ = {isa = PBXBuildFile; fileRef = 531841E01ADD930200461191 /* NewsLaterFeedController.swift */; };
		534137C31AE02D6400C9F974 /* Article.swift in Sources */ = {isa = PBXBuildFile; fileRef = 534137C21AE02D6400C9F974 /* Article.swift */; };
		53D60C7F1AFBCB5F000B9AE2 /* usatoday.png in Resources */ = {isa = PBXBuildFile; fileRef = 53D60C7E1AFBCB5F000B9AE2 /* usatoday.png */; };
		53DC733B1AE09B0E000C78B7 /* ArticleMapper.swift in Sources */ = {isa = PBXBuildFile; fileRef = 53DC733A1AE09B0E000C78B7 /* ArticleMapper.swift */; };
		56EC06231AF2A0C200E6B079 /* ReminderPickerViewController.swift in Sources */ = {isa = PBXBuildFile; fileRef = 56EC06221AF2A0C200E6B079 /* ReminderPickerViewController.swift */; };
		9635D5721ADD8A76000DE3D6 /* AppDelegate.swift in Sources */ = {isa = PBXBuildFile; fileRef = 9635D5711ADD8A76000DE3D6 /* AppDelegate.swift */; };
		9635D5771ADD8A76000DE3D6 /* Main.storyboard in Resources */ = {isa = PBXBuildFile; fileRef = 9635D5751ADD8A76000DE3D6 /* Main.storyboard */; };
		9635D5791ADD8A76000DE3D6 /* Images.xcassets in Resources */ = {isa = PBXBuildFile; fileRef = 9635D5781ADD8A76000DE3D6 /* Images.xcassets */; };
		9635D57C1ADD8A76000DE3D6 /* LaunchScreen.xib in Resources */ = {isa = PBXBuildFile; fileRef = 9635D57A1ADD8A76000DE3D6 /* LaunchScreen.xib */; };
		9635D5881ADD8A76000DE3D6 /* NewsLaterTests.swift in Sources */ = {isa = PBXBuildFile; fileRef = 9635D5871ADD8A76000DE3D6 /* NewsLaterTests.swift */; };
/* End PBXBuildFile section */

/* Begin PBXContainerItemProxy section */
		9635D5821ADD8A76000DE3D6 /* PBXContainerItemProxy */ = {
			isa = PBXContainerItemProxy;
			containerPortal = 9635D5641ADD8A76000DE3D6 /* Project object */;
			proxyType = 1;
			remoteGlobalIDString = 9635D56B1ADD8A76000DE3D6;
			remoteInfo = NewsLater;
		};
/* End PBXContainerItemProxy section */

/* Begin PBXCopyFilesBuildPhase section */
		53F89C7E1AE035190073AE95 /* Copy Frameworks */ = {
			isa = PBXCopyFilesBuildPhase;
			buildActionMask = 2147483647;
			dstPath = "";
			dstSubfolderSpec = 10;
			files = (
			);
			name = "Copy Frameworks";
			runOnlyForDeploymentPostprocessing = 0;
		};
/* End PBXCopyFilesBuildPhase section */

/* Begin PBXFileReference section */
		271FA4841AFEA0F30064299F /* BlankThumbnail.png */ = {isa = PBXFileReference; lastKnownFileType = image.png; path = BlankThumbnail.png; sourceTree = "<group>"; };
		27232DDD1AE030120093D998 /* RecentlyReadViewController.swift */ = {isa = PBXFileReference; fileEncoding = 4; lastKnownFileType = sourcecode.swift; path = RecentlyReadViewController.swift; sourceTree = "<group>"; };
		27232DE01AE086CE0093D998 /* ArticleViewController.swift */ = {isa = PBXFileReference; fileEncoding = 4; lastKnownFileType = sourcecode.swift; path = ArticleViewController.swift; sourceTree = "<group>"; };
		27232DE51AE088DF0093D998 /* RemindersViewController.swift */ = {isa = PBXFileReference; fileEncoding = 4; lastKnownFileType = sourcecode.swift; path = RemindersViewController.swift; sourceTree = "<group>"; };
		27756E2C1AF2A4B30045B004 /* ArticleTableViewCell.swift */ = {isa = PBXFileReference; fileEncoding = 4; lastKnownFileType = sourcecode.swift; path = ArticleTableViewCell.swift; sourceTree = "<group>"; };
		531841E01ADD930200461191 /* NewsLaterFeedController.swift */ = {isa = PBXFileReference; fileEncoding = 4; lastKnownFileType = sourcecode.swift; path = NewsLaterFeedController.swift; sourceTree = "<group>"; };
		534137C21AE02D6400C9F974 /* Article.swift */ = {isa = PBXFileReference; fileEncoding = 4; lastKnownFileType = sourcecode.swift; path = Article.swift; sourceTree = "<group>"; };
		53D60C7E1AFBCB5F000B9AE2 /* usatoday.png */ = {isa = PBXFileReference; lastKnownFileType = image.png; path = usatoday.png; sourceTree = "<group>"; };
		53DC733A1AE09B0E000C78B7 /* ArticleMapper.swift */ = {isa = PBXFileReference; fileEncoding = 4; lastKnownFileType = sourcecode.swift; path = ArticleMapper.swift; sourceTree = "<group>"; };
		56EC06221AF2A0C200E6B079 /* ReminderPickerViewController.swift */ = {isa = PBXFileReference; fileEncoding = 4; lastKnownFileType = sourcecode.swift; path = ReminderPickerViewController.swift; sourceTree = "<group>"; };
		9635D56C1ADD8A76000DE3D6 /* NewsLater.app */ = {isa = PBXFileReference; explicitFileType = wrapper.application; includeInIndex = 0; path = NewsLater.app; sourceTree = BUILT_PRODUCTS_DIR; };
		9635D5701ADD8A76000DE3D6 /* Info.plist */ = {isa = PBXFileReference; lastKnownFileType = text.plist.xml; path = Info.plist; sourceTree = "<group>"; };
		9635D5711ADD8A76000DE3D6 /* AppDelegate.swift */ = {isa = PBXFileReference; lastKnownFileType = sourcecode.swift; path = AppDelegate.swift; sourceTree = "<group>"; };
		9635D5761ADD8A76000DE3D6 /* Base */ = {isa = PBXFileReference; lastKnownFileType = file.storyboard; name = Base; path = Base.lproj/Main.storyboard; sourceTree = "<group>"; };
		9635D5781ADD8A76000DE3D6 /* Images.xcassets */ = {isa = PBXFileReference; lastKnownFileType = folder.assetcatalog; path = Images.xcassets; sourceTree = "<group>"; };
		9635D57B1ADD8A76000DE3D6 /* Base */ = {isa = PBXFileReference; lastKnownFileType = file.xib; name = Base; path = Base.lproj/LaunchScreen.xib; sourceTree = "<group>"; };
		9635D5811ADD8A76000DE3D6 /* NewsLaterTests.xctest */ = {isa = PBXFileReference; explicitFileType = wrapper.cfbundle; includeInIndex = 0; path = NewsLaterTests.xctest; sourceTree = BUILT_PRODUCTS_DIR; };
		9635D5861ADD8A76000DE3D6 /* Info.plist */ = {isa = PBXFileReference; lastKnownFileType = text.plist.xml; path = Info.plist; sourceTree = "<group>"; };
		9635D5871ADD8A76000DE3D6 /* NewsLaterTests.swift */ = {isa = PBXFileReference; lastKnownFileType = sourcecode.swift; path = NewsLaterTests.swift; sourceTree = "<group>"; };
/* End PBXFileReference section */

/* Begin PBXFrameworksBuildPhase section */
		9635D5691ADD8A76000DE3D6 /* Frameworks */ = {
			isa = PBXFrameworksBuildPhase;
			buildActionMask = 2147483647;
			files = (
			);
			runOnlyForDeploymentPostprocessing = 0;
		};
		9635D57E1ADD8A76000DE3D6 /* Frameworks */ = {
			isa = PBXFrameworksBuildPhase;
			buildActionMask = 2147483647;
			files = (
			);
			runOnlyForDeploymentPostprocessing = 0;
		};
/* End PBXFrameworksBuildPhase section */

/* Begin PBXGroup section */
		9635D5631ADD8A76000DE3D6 = {
			isa = PBXGroup;
			children = (
				9635D56E1ADD8A76000DE3D6 /* NewsLater */,
				9635D5841ADD8A76000DE3D6 /* NewsLaterTests */,
				9635D56D1ADD8A76000DE3D6 /* Products */,
			);
			sourceTree = "<group>";
		};
		9635D56D1ADD8A76000DE3D6 /* Products */ = {
			isa = PBXGroup;
			children = (
				9635D56C1ADD8A76000DE3D6 /* NewsLater.app */,
				9635D5811ADD8A76000DE3D6 /* NewsLaterTests.xctest */,
			);
			name = Products;
			sourceTree = "<group>";
		};
		9635D56E1ADD8A76000DE3D6 /* NewsLater */ = {
			isa = PBXGroup;
			children = (
				9635D5711ADD8A76000DE3D6 /* AppDelegate.swift */,
				9635D5751ADD8A76000DE3D6 /* Main.storyboard */,
				9635D5781ADD8A76000DE3D6 /* Images.xcassets */,
				9635D57A1ADD8A76000DE3D6 /* LaunchScreen.xib */,
				9635D56F1ADD8A76000DE3D6 /* Supporting Files */,
				531841E01ADD930200461191 /* NewsLaterFeedController.swift */,
				27232DDD1AE030120093D998 /* RecentlyReadViewController.swift */,
				534137C21AE02D6400C9F974 /* Article.swift */,
				27232DE01AE086CE0093D998 /* ArticleViewController.swift */,
				27232DE51AE088DF0093D998 /* RemindersViewController.swift */,
				56EC06221AF2A0C200E6B079 /* ReminderPickerViewController.swift */,
				53DC733A1AE09B0E000C78B7 /* ArticleMapper.swift */,
				27756E2C1AF2A4B30045B004 /* ArticleTableViewCell.swift */,
				271FA4841AFEA0F30064299F /* BlankThumbnail.png */,
				53D60C7E1AFBCB5F000B9AE2 /* usatoday.png */,
			);
			path = NewsLater;
			sourceTree = "<group>";
		};
		9635D56F1ADD8A76000DE3D6 /* Supporting Files */ = {
			isa = PBXGroup;
			children = (
				9635D5701ADD8A76000DE3D6 /* Info.plist */,
			);
			name = "Supporting Files";
			sourceTree = "<group>";
		};
		9635D5841ADD8A76000DE3D6 /* NewsLaterTests */ = {
			isa = PBXGroup;
			children = (
				9635D5871ADD8A76000DE3D6 /* NewsLaterTests.swift */,
				9635D5851ADD8A76000DE3D6 /* Supporting Files */,
			);
			path = NewsLaterTests;
			sourceTree = "<group>";
		};
		9635D5851ADD8A76000DE3D6 /* Supporting Files */ = {
			isa = PBXGroup;
			children = (
				9635D5861ADD8A76000DE3D6 /* Info.plist */,
			);
			name = "Supporting Files";
			sourceTree = "<group>";
		};
/* End PBXGroup section */

/* Begin PBXNativeTarget section */
		9635D56B1ADD8A76000DE3D6 /* NewsLater */ = {
			isa = PBXNativeTarget;
			buildConfigurationList = 9635D58B1ADD8A76000DE3D6 /* Build configuration list for PBXNativeTarget "NewsLater" */;
			buildPhases = (
				9635D5681ADD8A76000DE3D6 /* Sources */,
				9635D5691ADD8A76000DE3D6 /* Frameworks */,
				9635D56A1ADD8A76000DE3D6 /* Resources */,
				53F89C7E1AE035190073AE95 /* Copy Frameworks */,
			);
			buildRules = (
			);
			dependencies = (
			);
			name = NewsLater;
			productName = NewsLater;
			productReference = 9635D56C1ADD8A76000DE3D6 /* NewsLater.app */;
			productType = "com.apple.product-type.application";
		};
		9635D5801ADD8A76000DE3D6 /* NewsLaterTests */ = {
			isa = PBXNativeTarget;
			buildConfigurationList = 9635D58E1ADD8A76000DE3D6 /* Build configuration list for PBXNativeTarget "NewsLaterTests" */;
			buildPhases = (
				9635D57D1ADD8A76000DE3D6 /* Sources */,
				9635D57E1ADD8A76000DE3D6 /* Frameworks */,
				9635D57F1ADD8A76000DE3D6 /* Resources */,
			);
			buildRules = (
			);
			dependencies = (
				9635D5831ADD8A76000DE3D6 /* PBXTargetDependency */,
			);
			name = NewsLaterTests;
			productName = NewsLaterTests;
			productReference = 9635D5811ADD8A76000DE3D6 /* NewsLaterTests.xctest */;
			productType = "com.apple.product-type.bundle.unit-test";
		};
/* End PBXNativeTarget section */

/* Begin PBXProject section */
		9635D5641ADD8A76000DE3D6 /* Project object */ = {
			isa = PBXProject;
			attributes = {
				LastUpgradeCheck = 0630;
				ORGANIZATIONNAME = "Matt Zuzolo";
				TargetAttributes = {
					9635D56B1ADD8A76000DE3D6 = {
						CreatedOnToolsVersion = 6.3;
					};
					9635D5801ADD8A76000DE3D6 = {
						CreatedOnToolsVersion = 6.3;
						TestTargetID = 9635D56B1ADD8A76000DE3D6;
					};
				};
			};
			buildConfigurationList = 9635D5671ADD8A76000DE3D6 /* Build configuration list for PBXProject "NewsLater" */;
			compatibilityVersion = "Xcode 3.2";
			developmentRegion = English;
			hasScannedForEncodings = 0;
			knownRegions = (
				en,
				Base,
			);
			mainGroup = 9635D5631ADD8A76000DE3D6;
			productRefGroup = 9635D56D1ADD8A76000DE3D6 /* Products */;
			projectDirPath = "";
			projectRoot = "";
			targets = (
				9635D56B1ADD8A76000DE3D6 /* NewsLater */,
				9635D5801ADD8A76000DE3D6 /* NewsLaterTests */,
			);
		};
/* End PBXProject section */

/* Begin PBXResourcesBuildPhase section */
		9635D56A1ADD8A76000DE3D6 /* Resources */ = {
			isa = PBXResourcesBuildPhase;
			buildActionMask = 2147483647;
			files = (
				9635D5771ADD8A76000DE3D6 /* Main.storyboard in Resources */,
				53D60C7F1AFBCB5F000B9AE2 /* usatoday.png in Resources */,
				271FA4851AFEA0F30064299F /* BlankThumbnail.png in Resources */,
				9635D57C1ADD8A76000DE3D6 /* LaunchScreen.xib in Resources */,
				9635D5791ADD8A76000DE3D6 /* Images.xcassets in Resources */,
			);
			runOnlyForDeploymentPostprocessing = 0;
		};
		9635D57F1ADD8A76000DE3D6 /* Resources */ = {
			isa = PBXResourcesBuildPhase;
			buildActionMask = 2147483647;
			files = (
			);
			runOnlyForDeploymentPostprocessing = 0;
		};
/* End PBXResourcesBuildPhase section */

/* Begin PBXSourcesBuildPhase section */
		9635D5681ADD8A76000DE3D6 /* Sources */ = {
			isa = PBXSourcesBuildPhase;
			buildActionMask = 2147483647;
			files = (
				9635D5721ADD8A76000DE3D6 /* AppDelegate.swift in Sources */,
				27756E2D1AF2A4B30045B004 /* ArticleTableViewCell.swift in Sources */,
				27232DDE1AE030120093D998 /* RecentlyReadViewController.swift in Sources */,
				27232DE61AE088DF0093D998 /* RemindersViewController.swift in Sources */,
				56EC06231AF2A0C200E6B079 /* ReminderPickerViewController.swift in Sources */,
				27232DE11AE086CE0093D998 /* ArticleViewController.swift in Sources */,
				531841E11ADD930200461191 /* NewsLaterFeedController.swift in Sources */,
				534137C31AE02D6400C9F974 /* Article.swift in Sources */,
				53DC733B1AE09B0E000C78B7 /* ArticleMapper.swift in Sources */,
			);
			runOnlyForDeploymentPostprocessing = 0;
		};
		9635D57D1ADD8A76000DE3D6 /* Sources */ = {
			isa = PBXSourcesBuildPhase;
			buildActionMask = 2147483647;
			files = (
				9635D5881ADD8A76000DE3D6 /* NewsLaterTests.swift in Sources */,
			);
			runOnlyForDeploymentPostprocessing = 0;
		};
/* End PBXSourcesBuildPhase section */

/* Begin PBXTargetDependency section */
		9635D5831ADD8A76000DE3D6 /* PBXTargetDependency */ = {
			isa = PBXTargetDependency;
			target = 9635D56B1ADD8A76000DE3D6 /* NewsLater */;
			targetProxy = 9635D5821ADD8A76000DE3D6 /* PBXContainerItemProxy */;
		};
/* End PBXTargetDependency section */

/* Begin PBXVariantGroup section */
		9635D5751ADD8A76000DE3D6 /* Main.storyboard */ = {
			isa = PBXVariantGroup;
			children = (
				9635D5761ADD8A76000DE3D6 /* Base */,
			);
			name = Main.storyboard;
			sourceTree = "<group>";
		};
		9635D57A1ADD8A76000DE3D6 /* LaunchScreen.xib */ = {
			isa = PBXVariantGroup;
			children = (
				9635D57B1ADD8A76000DE3D6 /* Base */,
			);
			name = LaunchScreen.xib;
			sourceTree = "<group>";
		};
/* End PBXVariantGroup section */

/* Begin XCBuildConfiguration section */
		9635D5891ADD8A76000DE3D6 /* Debug */ = {
			isa = XCBuildConfiguration;
			buildSettings = {
				ALWAYS_SEARCH_USER_PATHS = NO;
				CLANG_CXX_LANGUAGE_STANDARD = "gnu++0x";
				CLANG_CXX_LIBRARY = "libc++";
				CLANG_ENABLE_MODULES = YES;
				CLANG_ENABLE_OBJC_ARC = YES;
				CLANG_WARN_BOOL_CONVERSION = YES;
				CLANG_WARN_CONSTANT_CONVERSION = YES;
				CLANG_WARN_DIRECT_OBJC_ISA_USAGE = YES_ERROR;
				CLANG_WARN_EMPTY_BODY = YES;
				CLANG_WARN_ENUM_CONVERSION = YES;
				CLANG_WARN_INT_CONVERSION = YES;
				CLANG_WARN_OBJC_ROOT_CLASS = YES_ERROR;
				CLANG_WARN_UNREACHABLE_CODE = YES;
				CLANG_WARN__DUPLICATE_METHOD_MATCH = YES;
				"CODE_SIGN_IDENTITY[sdk=iphoneos*]" = "iPhone Developer";
				COPY_PHASE_STRIP = NO;
				DEBUG_INFORMATION_FORMAT = "dwarf-with-dsym";
				ENABLE_STRICT_OBJC_MSGSEND = YES;
				GCC_C_LANGUAGE_STANDARD = gnu99;
				GCC_DYNAMIC_NO_PIC = NO;
				GCC_NO_COMMON_BLOCKS = YES;
				GCC_OPTIMIZATION_LEVEL = 0;
				GCC_PREPROCESSOR_DEFINITIONS = (
					"DEBUG=1",
					"$(inherited)",
				);
				GCC_SYMBOLS_PRIVATE_EXTERN = NO;
				GCC_WARN_64_TO_32_BIT_CONVERSION = YES;
				GCC_WARN_ABOUT_RETURN_TYPE = YES_ERROR;
				GCC_WARN_UNDECLARED_SELECTOR = YES;
				GCC_WARN_UNINITIALIZED_AUTOS = YES_AGGRESSIVE;
				GCC_WARN_UNUSED_FUNCTION = YES;
				GCC_WARN_UNUSED_VARIABLE = YES;
				IPHONEOS_DEPLOYMENT_TARGET = 8.3;
				MTL_ENABLE_DEBUG_INFO = YES;
				ONLY_ACTIVE_ARCH = YES;
				SDKROOT = iphoneos;
				SWIFT_OPTIMIZATION_LEVEL = "-Onone";
			};
			name = Debug;
		};
		9635D58A1ADD8A76000DE3D6 /* Release */ = {
			isa = XCBuildConfiguration;
			buildSettings = {
				ALWAYS_SEARCH_USER_PATHS = NO;
				CLANG_CXX_LANGUAGE_STANDARD = "gnu++0x";
				CLANG_CXX_LIBRARY = "libc++";
				CLANG_ENABLE_MODULES = YES;
				CLANG_ENABLE_OBJC_ARC = YES;
				CLANG_WARN_BOOL_CONVERSION = YES;
				CLANG_WARN_CONSTANT_CONVERSION = YES;
				CLANG_WARN_DIRECT_OBJC_ISA_USAGE = YES_ERROR;
				CLANG_WARN_EMPTY_BODY = YES;
				CLANG_WARN_ENUM_CONVERSION = YES;
				CLANG_WARN_INT_CONVERSION = YES;
				CLANG_WARN_OBJC_ROOT_CLASS = YES_ERROR;
				CLANG_WARN_UNREACHABLE_CODE = YES;
				CLANG_WARN__DUPLICATE_METHOD_MATCH = YES;
				"CODE_SIGN_IDENTITY[sdk=iphoneos*]" = "iPhone Developer";
				COPY_PHASE_STRIP = NO;
				DEBUG_INFORMATION_FORMAT = "dwarf-with-dsym";
				ENABLE_NS_ASSERTIONS = NO;
				ENABLE_STRICT_OBJC_MSGSEND = YES;
				GCC_C_LANGUAGE_STANDARD = gnu99;
				GCC_NO_COMMON_BLOCKS = YES;
				GCC_WARN_64_TO_32_BIT_CONVERSION = YES;
				GCC_WARN_ABOUT_RETURN_TYPE = YES_ERROR;
				GCC_WARN_UNDECLARED_SELECTOR = YES;
				GCC_WARN_UNINITIALIZED_AUTOS = YES_AGGRESSIVE;
				GCC_WARN_UNUSED_FUNCTION = YES;
				GCC_WARN_UNUSED_VARIABLE = YES;
				IPHONEOS_DEPLOYMENT_TARGET = 8.3;
				MTL_ENABLE_DEBUG_INFO = NO;
				SDKROOT = iphoneos;
				VALIDATE_PRODUCT = YES;
			};
			name = Release;
		};
		9635D58C1ADD8A76000DE3D6 /* Debug */ = {
			isa = XCBuildConfiguration;
			buildSettings = {
				ASSETCATALOG_COMPILER_APPICON_NAME = AppIcon;
				INFOPLIST_FILE = NewsLater/Info.plist;
				LD_RUNPATH_SEARCH_PATHS = "$(inherited) @executable_path/Frameworks";
				PRODUCT_NAME = "$(TARGET_NAME)";
			};
			name = Debug;
		};
		9635D58D1ADD8A76000DE3D6 /* Release */ = {
			isa = XCBuildConfiguration;
			buildSettings = {
				ASSETCATALOG_COMPILER_APPICON_NAME = AppIcon;
				INFOPLIST_FILE = NewsLater/Info.plist;
				LD_RUNPATH_SEARCH_PATHS = "$(inherited) @executable_path/Frameworks";
				PRODUCT_NAME = "$(TARGET_NAME)";
			};
			name = Release;
		};
		9635D58F1ADD8A76000DE3D6 /* Debug */ = {
			isa = XCBuildConfiguration;
			buildSettings = {
				BUNDLE_LOADER = "$(TEST_HOST)";
				FRAMEWORK_SEARCH_PATHS = (
					"$(SDKROOT)/Developer/Library/Frameworks",
					"$(inherited)",
				);
				GCC_PREPROCESSOR_DEFINITIONS = (
					"DEBUG=1",
					"$(inherited)",
				);
				INFOPLIST_FILE = NewsLaterTests/Info.plist;
				LD_RUNPATH_SEARCH_PATHS = "$(inherited) @executable_path/Frameworks @loader_path/Frameworks";
				PRODUCT_NAME = "$(TARGET_NAME)";
				TEST_HOST = "$(BUILT_PRODUCTS_DIR)/NewsLater.app/NewsLater";
			};
			name = Debug;
		};
		9635D5901ADD8A76000DE3D6 /* Release */ = {
			isa = XCBuildConfiguration;
			buildSettings = {
				BUNDLE_LOADER = "$(TEST_HOST)";
				FRAMEWORK_SEARCH_PATHS = (
					"$(SDKROOT)/Developer/Library/Frameworks",
					"$(inherited)",
				);
				INFOPLIST_FILE = NewsLaterTests/Info.plist;
				LD_RUNPATH_SEARCH_PATHS = "$(inherited) @executable_path/Frameworks @loader_path/Frameworks";
				PRODUCT_NAME = "$(TARGET_NAME)";
				TEST_HOST = "$(BUILT_PRODUCTS_DIR)/NewsLater.app/NewsLater";
			};
			name = Release;
		};
/* End XCBuildConfiguration section */

/* Begin XCConfigurationList section */
		9635D5671ADD8A76000DE3D6 /* Build configuration list for PBXProject "NewsLater" */ = {
			isa = XCConfigurationList;
			buildConfigurations = (
				9635D5891ADD8A76000DE3D6 /* Debug */,
				9635D58A1ADD8A76000DE3D6 /* Release */,
			);
			defaultConfigurationIsVisible = 0;
			defaultConfigurationName = Release;
		};
		9635D58B1ADD8A76000DE3D6 /* Build configuration list for PBXNativeTarget "NewsLater" */ = {
			isa = XCConfigurationList;
			buildConfigurations = (
				9635D58C1ADD8A76000DE3D6 /* Debug */,
				9635D58D1ADD8A76000DE3D6 /* Release */,
			);
			defaultConfigurationIsVisible = 0;
			defaultConfigurationName = Release;
		};
		9635D58E1ADD8A76000DE3D6 /* Build configuration list for PBXNativeTarget "NewsLaterTests" */ = {
			isa = XCConfigurationList;
			buildConfigurations = (
				9635D58F1ADD8A76000DE3D6 /* Debug */,
				9635D5901ADD8A76000DE3D6 /* Release */,
			);
			defaultConfigurationIsVisible = 0;
			defaultConfigurationName = Release;
		};
/* End XCConfigurationList section */
	};
	rootObject = 9635D5641ADD8A76000DE3D6 /* Project object */;
}
